
Microsoft Visual Studio Solution File, Format Version 12.00
# Visual Studio 2012
Project("{FAE04EC0-301F-11D3-BF4B-00C04F79EFBC}") = "ConsoleApplication1", "ConsoleApplication1\ConsoleApplication1.csproj", "{671D634B-E5F7-4CC7-917C-CA6C0131E7A2}"
EndProject
Project("{FAE04EC0-301F-11D3-BF4B-00C04F79EFBC}") = "UnitTestProject1", "UnitTestProject1\UnitTestProject1.csproj", "{5C1F139E-86D9-4B34-B453-755B3FC01D34}"
EndProject
Global
	GlobalSection(SolutionConfigurationPlatforms) = preSolution
		Debug|Any CPU = Debug|Any CPU
		Release|Any CPU = Release|Any CPU
	EndGlobalSection
	GlobalSection(ProjectConfigurationPlatforms) = postSolution
		{671D634B-E5F7-4CC7-917C-CA6C0131E7A2}.Debug|Any CPU.ActiveCfg = Debug|Any CPU
		{671D634B-E5F7-4CC7-917C-CA6C0131E7A2}.Debug|Any CPU.Build.0 = Debug|Any CPU
		{671D634B-E5F7-4CC7-917C-CA6C0131E7A2}.Release|Any CPU.ActiveCfg = Release|Any CPU
		{671D634B-E5F7-4CC7-917C-CA6C0131E7A2}.Release|Any CPU.Build.0 = Release|Any CPU
		{5C1F139E-86D9-4B34-B453-755B3FC01D34}.Debug|Any CPU.ActiveCfg = Debug|Any CPU
		{5C1F139E-86D9-4B34-B453-755B3FC01D34}.Debug|Any CPU.Build.0 = Debug|Any CPU
		{5C1F139E-86D9-4B34-B453-755B3FC01D34}.Release|Any CPU.ActiveCfg = Release|Any CPU
		{5C1F139E-86D9-4B34-B453-755B3FC01D34}.Release|Any CPU.Build.0 = Release|Any CPU
	EndGlobalSection
	GlobalSection(SolutionProperties) = preSolution
		HideSolutionNode = FALSE
	EndGlobalSection
EndGlobal
