
Microsoft Visual Studio Solution File, Format Version 12.00
# Visual Studio 2012
Project("{FAE04EC0-301F-11D3-BF4B-00C04F79EFBC}") = "ConsoleApplication1", "ConsoleApplication1\ConsoleApplication1.csproj", "{0BB7AE40-8975-4C93-A83C-B2851B0AA9F1}"
EndProject
Project("{FAE04EC0-301F-11D3-BF4B-00C04F79EFBC}") = "UnitTestProject1", "UnitTestProject1\UnitTestProject1.csproj", "{F471378F-9DCE-4F06-8D32-6FE0983042C4}"
EndProject
Project("{2150E333-8FDC-42A3-9474-1A3956D46DE8}") = "Solution Items", "Solution Items", "{0F04DD31-4E65-41AF-BCC7-A93D01587073}"
	ProjectSection(SolutionItems) = preProject
		Performance1.psess = Performance1.psess
	EndProjectSection
EndProject
Global
	GlobalSection(SolutionConfigurationPlatforms) = preSolution
		Debug|Any CPU = Debug|Any CPU
		Release|Any CPU = Release|Any CPU
	EndGlobalSection
	GlobalSection(ProjectConfigurationPlatforms) = postSolution
		{0BB7AE40-8975-4C93-A83C-B2851B0AA9F1}.Debug|Any CPU.ActiveCfg = Debug|Any CPU
		{0BB7AE40-8975-4C93-A83C-B2851B0AA9F1}.Debug|Any CPU.Build.0 = Debug|Any CPU
		{0BB7AE40-8975-4C93-A83C-B2851B0AA9F1}.Release|Any CPU.ActiveCfg = Release|Any CPU
		{0BB7AE40-8975-4C93-A83C-B2851B0AA9F1}.Release|Any CPU.Build.0 = Release|Any CPU
		{F471378F-9DCE-4F06-8D32-6FE0983042C4}.Debug|Any CPU.ActiveCfg = Debug|Any CPU
		{F471378F-9DCE-4F06-8D32-6FE0983042C4}.Debug|Any CPU.Build.0 = Debug|Any CPU
		{F471378F-9DCE-4F06-8D32-6FE0983042C4}.Release|Any CPU.ActiveCfg = Release|Any CPU
		{F471378F-9DCE-4F06-8D32-6FE0983042C4}.Release|Any CPU.Build.0 = Release|Any CPU
	EndGlobalSection
	GlobalSection(SolutionProperties) = preSolution
		HideSolutionNode = FALSE
	EndGlobalSection
EndGlobal
